{
  "name": "miroHackathon",
  "lockfileVersion": 3,
  "requires": true,
  "packages": {
    "": {
      "dependencies": {
        "create-miro-app": "^1.15.0"
      }
    },
    "node_modules/create-miro-app": {
      "version": "1.15.0",
      "resolved": "https://registry.npmjs.org/create-miro-app/-/create-miro-app-1.15.0.tgz",
      "integrity": "sha512-fnWRiKjseUr0L06OgDLOHVeKVkrFdo477TTxHci5/gUsx/EgLim5cWS7SobyAcGk6B947xSJxzJqrTPaW43Rvg==",
      "bin": {
        "create-miro-app": "dist/index.js"
      },
      "engines": {
        "node": ">=20.0.0"
      }
    }
  }
}
